{
  "name": "axline",
  "lockfileVersion": 3,
  "requires": true,
  "packages": {
    "": {
      "dependencies": {
        "@material-symbols/font-400": "^0.45.10",
        "material-symbols": "^0.45.10"
      }
    },
    "node_modules/@material-symbols/font-400": {
      "version": "0.45.10",
      "resolved": "https://registry.npmjs.org/@material-symbols/font-400/-/font-400-0.45.10.tgz",
      "integrity": "sha512-HUstRoXOYFUe4/zRqwSnA2Zp8Ei5y4m9vqzwHb6sJEfUrYg780an0PcVnrlTJgqRwrOCPR5ttViF+yLAzla0BQ==",
      "license": "Apache-2.0"
    },
    "node_modules/material-symbols": {
      "version": "0.45.10",
      "resolved": "https://registry.npmjs.org/material-symbols/-/material-symbols-0.45.10.tgz",
      "integrity": "sha512-2A2mgdfZO4es9DFpIOSMAx3d/7erCLQWRm7zGxA3iXt9jV8e2vNLOszbG3kxzYQ6qp5GAWXVl13de8lS2oHVng==",
      "license": "Apache-2.0"
    }
  }
}
